
Microsoft Visual Studio Solution File, Format Version 12.00
# Visual Studio 2015
Project("{FAE04EC0-301F-11D3-BF4B-00C04F79EFBC}") = "Arcade41.CSharp.Plugins", "Arcade41.CSharp.Plugins.csproj", "{1EB6577C-AF03-B573-8B00-9C64FBDAE8C9}"
EndProject
Project("{FAE04EC0-301F-11D3-BF4B-00C04F79EFBC}") = "Arcade41.CSharp", "Arcade41.CSharp.csproj", "{6F94F53A-1361-5C40-12D3-9EB069C01D92}"
EndProject
Project("{FAE04EC0-301F-11D3-BF4B-00C04F79EFBC}") = "Arcade41.CSharp.Editor", "Arcade41.CSharp.Editor.csproj", "{F612AAEA-9978-25A7-BA0A-7613C83DD0DB}"
EndProject
Global
	GlobalSection(SolutionConfigurationPlatforms) = preSolution
		Debug|Any CPU = Debug|Any CPU
		Release|Any CPU = Release|Any CPU
	EndGlobalSection
	GlobalSection(ProjectConfigurationPlatforms) = postSolution
		{1EB6577C-AF03-B573-8B00-9C64FBDAE8C9}.Debug|Any CPU.ActiveCfg = Debug|Any CPU
		{1EB6577C-AF03-B573-8B00-9C64FBDAE8C9}.Debug|Any CPU.Build.0 = Debug|Any CPU
		{1EB6577C-AF03-B573-8B00-9C64FBDAE8C9}.Release|Any CPU.ActiveCfg = Release|Any CPU
		{1EB6577C-AF03-B573-8B00-9C64FBDAE8C9}.Release|Any CPU.Build.0 = Release|Any CPU
		{6F94F53A-1361-5C40-12D3-9EB069C01D92}.Debug|Any CPU.ActiveCfg = Debug|Any CPU
		{6F94F53A-1361-5C40-12D3-9EB069C01D92}.Debug|Any CPU.Build.0 = Debug|Any CPU
		{6F94F53A-1361-5C40-12D3-9EB069C01D92}.Release|Any CPU.ActiveCfg = Release|Any CPU
		{6F94F53A-1361-5C40-12D3-9EB069C01D92}.Release|Any CPU.Build.0 = Release|Any CPU
		{F612AAEA-9978-25A7-BA0A-7613C83DD0DB}.Debug|Any CPU.ActiveCfg = Debug|Any CPU
		{F612AAEA-9978-25A7-BA0A-7613C83DD0DB}.Debug|Any CPU.Build.0 = Debug|Any CPU
		{F612AAEA-9978-25A7-BA0A-7613C83DD0DB}.Release|Any CPU.ActiveCfg = Release|Any CPU
		{F612AAEA-9978-25A7-BA0A-7613C83DD0DB}.Release|Any CPU.Build.0 = Release|Any CPU
	EndGlobalSection
	GlobalSection(SolutionProperties) = preSolution
		HideSolutionNode = FALSE
	EndGlobalSection
EndGlobal
