
Microsoft Visual Studio Solution File, Format Version 12.00
# Visual Studio 2015
Project("{FAE04EC0-301F-11D3-BF4B-00C04F79EFBC}") = "TextThirdPersonView11.CSharp.Plugins", "TextThirdPersonView11.CSharp.Plugins.csproj", "{88B6248F-B826-6579-E69F-D45D993EEDBF}"
EndProject
Project("{FAE04EC0-301F-11D3-BF4B-00C04F79EFBC}") = "TextThirdPersonView11.CSharp", "TextThirdPersonView11.CSharp.csproj", "{64AA3BD3-B61C-CD45-FED6-6DFC587FB2D1}"
EndProject
Project("{FAE04EC0-301F-11D3-BF4B-00C04F79EFBC}") = "TextThirdPersonView11.CSharp.Editor", "TextThirdPersonView11.CSharp.Editor.csproj", "{111B6DDF-17BE-57B2-F20A-51C4747A9F68}"
EndProject
Global
	GlobalSection(SolutionConfigurationPlatforms) = preSolution
		Debug|Any CPU = Debug|Any CPU
		Release|Any CPU = Release|Any CPU
	EndGlobalSection
	GlobalSection(ProjectConfigurationPlatforms) = postSolution
		{88B6248F-B826-6579-E69F-D45D993EEDBF}.Debug|Any CPU.ActiveCfg = Debug|Any CPU
		{88B6248F-B826-6579-E69F-D45D993EEDBF}.Debug|Any CPU.Build.0 = Debug|Any CPU
		{88B6248F-B826-6579-E69F-D45D993EEDBF}.Release|Any CPU.ActiveCfg = Release|Any CPU
		{88B6248F-B826-6579-E69F-D45D993EEDBF}.Release|Any CPU.Build.0 = Release|Any CPU
		{64AA3BD3-B61C-CD45-FED6-6DFC587FB2D1}.Debug|Any CPU.ActiveCfg = Debug|Any CPU
		{64AA3BD3-B61C-CD45-FED6-6DFC587FB2D1}.Debug|Any CPU.Build.0 = Debug|Any CPU
		{64AA3BD3-B61C-CD45-FED6-6DFC587FB2D1}.Release|Any CPU.ActiveCfg = Release|Any CPU
		{64AA3BD3-B61C-CD45-FED6-6DFC587FB2D1}.Release|Any CPU.Build.0 = Release|Any CPU
		{111B6DDF-17BE-57B2-F20A-51C4747A9F68}.Debug|Any CPU.ActiveCfg = Debug|Any CPU
		{111B6DDF-17BE-57B2-F20A-51C4747A9F68}.Debug|Any CPU.Build.0 = Debug|Any CPU
		{111B6DDF-17BE-57B2-F20A-51C4747A9F68}.Release|Any CPU.ActiveCfg = Release|Any CPU
		{111B6DDF-17BE-57B2-F20A-51C4747A9F68}.Release|Any CPU.Build.0 = Release|Any CPU
	EndGlobalSection
	GlobalSection(SolutionProperties) = preSolution
		HideSolutionNode = FALSE
	EndGlobalSection
EndGlobal
