
Microsoft Visual Studio Solution File, Format Version 12.00
# Visual Studio 2015
Project("{FAE04EC0-301F-11D3-BF4B-00C04F79EFBC}") = "Arcade2.CSharp.Plugins", "Arcade2.CSharp.Plugins.csproj", "{14FD3C42-0C87-2709-073C-D5C0137A0604}"
EndProject
Project("{FAE04EC0-301F-11D3-BF4B-00C04F79EFBC}") = "Arcade2.CSharp", "Arcade2.CSharp.csproj", "{6B3E1C44-60F9-8DAE-C5FB-2496C7253697}"
EndProject
Project("{FAE04EC0-301F-11D3-BF4B-00C04F79EFBC}") = "Arcade2.CSharp.Editor", "Arcade2.CSharp.Editor.csproj", "{11D69043-0931-2C20-CBF4-B71CC3A631D7}"
EndProject
Global
	GlobalSection(SolutionConfigurationPlatforms) = preSolution
		Debug|Any CPU = Debug|Any CPU
		Release|Any CPU = Release|Any CPU
	EndGlobalSection
	GlobalSection(ProjectConfigurationPlatforms) = postSolution
		{14FD3C42-0C87-2709-073C-D5C0137A0604}.Debug|Any CPU.ActiveCfg = Debug|Any CPU
		{14FD3C42-0C87-2709-073C-D5C0137A0604}.Debug|Any CPU.Build.0 = Debug|Any CPU
		{14FD3C42-0C87-2709-073C-D5C0137A0604}.Release|Any CPU.ActiveCfg = Release|Any CPU
		{14FD3C42-0C87-2709-073C-D5C0137A0604}.Release|Any CPU.Build.0 = Release|Any CPU
		{6B3E1C44-60F9-8DAE-C5FB-2496C7253697}.Debug|Any CPU.ActiveCfg = Debug|Any CPU
		{6B3E1C44-60F9-8DAE-C5FB-2496C7253697}.Debug|Any CPU.Build.0 = Debug|Any CPU
		{6B3E1C44-60F9-8DAE-C5FB-2496C7253697}.Release|Any CPU.ActiveCfg = Release|Any CPU
		{6B3E1C44-60F9-8DAE-C5FB-2496C7253697}.Release|Any CPU.Build.0 = Release|Any CPU
		{11D69043-0931-2C20-CBF4-B71CC3A631D7}.Debug|Any CPU.ActiveCfg = Debug|Any CPU
		{11D69043-0931-2C20-CBF4-B71CC3A631D7}.Debug|Any CPU.Build.0 = Debug|Any CPU
		{11D69043-0931-2C20-CBF4-B71CC3A631D7}.Release|Any CPU.ActiveCfg = Release|Any CPU
		{11D69043-0931-2C20-CBF4-B71CC3A631D7}.Release|Any CPU.Build.0 = Release|Any CPU
	EndGlobalSection
	GlobalSection(SolutionProperties) = preSolution
		HideSolutionNode = FALSE
	EndGlobalSection
EndGlobal
