
Microsoft Visual Studio Solution File, Format Version 12.00
# Visual Studio 2015
Project("{FAE04EC0-301F-11D3-BF4B-00C04F79EFBC}") = "Arcade16.CSharp.Plugins", "Arcade16.CSharp.Plugins.csproj", "{65504EC3-4E16-1938-617D-125DE8A48CBC}"
EndProject
Project("{FAE04EC0-301F-11D3-BF4B-00C04F79EFBC}") = "Arcade16.CSharp", "Arcade16.CSharp.csproj", "{5F74EFDD-6E91-6CCD-B015-04CA10AA89EE}"
EndProject
Project("{FAE04EC0-301F-11D3-BF4B-00C04F79EFBC}") = "Arcade16.CSharp.Editor", "Arcade16.CSharp.Editor.csproj", "{2562B9FD-3AA0-1F29-0F82-00C91424EBC3}"
EndProject
Global
	GlobalSection(SolutionConfigurationPlatforms) = preSolution
		Debug|Any CPU = Debug|Any CPU
		Release|Any CPU = Release|Any CPU
	EndGlobalSection
	GlobalSection(ProjectConfigurationPlatforms) = postSolution
		{65504EC3-4E16-1938-617D-125DE8A48CBC}.Debug|Any CPU.ActiveCfg = Debug|Any CPU
		{65504EC3-4E16-1938-617D-125DE8A48CBC}.Debug|Any CPU.Build.0 = Debug|Any CPU
		{65504EC3-4E16-1938-617D-125DE8A48CBC}.Release|Any CPU.ActiveCfg = Release|Any CPU
		{65504EC3-4E16-1938-617D-125DE8A48CBC}.Release|Any CPU.Build.0 = Release|Any CPU
		{5F74EFDD-6E91-6CCD-B015-04CA10AA89EE}.Debug|Any CPU.ActiveCfg = Debug|Any CPU
		{5F74EFDD-6E91-6CCD-B015-04CA10AA89EE}.Debug|Any CPU.Build.0 = Debug|Any CPU
		{5F74EFDD-6E91-6CCD-B015-04CA10AA89EE}.Release|Any CPU.ActiveCfg = Release|Any CPU
		{5F74EFDD-6E91-6CCD-B015-04CA10AA89EE}.Release|Any CPU.Build.0 = Release|Any CPU
		{2562B9FD-3AA0-1F29-0F82-00C91424EBC3}.Debug|Any CPU.ActiveCfg = Debug|Any CPU
		{2562B9FD-3AA0-1F29-0F82-00C91424EBC3}.Debug|Any CPU.Build.0 = Debug|Any CPU
		{2562B9FD-3AA0-1F29-0F82-00C91424EBC3}.Release|Any CPU.ActiveCfg = Release|Any CPU
		{2562B9FD-3AA0-1F29-0F82-00C91424EBC3}.Release|Any CPU.Build.0 = Release|Any CPU
	EndGlobalSection
	GlobalSection(SolutionProperties) = preSolution
		HideSolutionNode = FALSE
	EndGlobalSection
EndGlobal
