
Microsoft Visual Studio Solution File, Format Version 12.00
# Visual Studio 2015
Project("{FAE04EC0-301F-11D3-BF4B-00C04F79EFBC}") = "Arcade1.CSharp.Plugins", "Arcade1.CSharp.Plugins.csproj", "{0175A1C3-2F93-CAF8-90D0-1158241C017C}"
EndProject
Project("{FAE04EC0-301F-11D3-BF4B-00C04F79EFBC}") = "Arcade1.CSharp", "Arcade1.CSharp.csproj", "{5E2F7616-F310-B469-17AA-D44C58F24F85}"
EndProject
Project("{FAE04EC0-301F-11D3-BF4B-00C04F79EFBC}") = "Arcade1.CSharp.Editor", "Arcade1.CSharp.Editor.csproj", "{7C3903CC-1DAD-872C-5B95-392E4AF55C85}"
EndProject
Global
	GlobalSection(SolutionConfigurationPlatforms) = preSolution
		Debug|Any CPU = Debug|Any CPU
		Release|Any CPU = Release|Any CPU
	EndGlobalSection
	GlobalSection(ProjectConfigurationPlatforms) = postSolution
		{0175A1C3-2F93-CAF8-90D0-1158241C017C}.Debug|Any CPU.ActiveCfg = Debug|Any CPU
		{0175A1C3-2F93-CAF8-90D0-1158241C017C}.Debug|Any CPU.Build.0 = Debug|Any CPU
		{0175A1C3-2F93-CAF8-90D0-1158241C017C}.Release|Any CPU.ActiveCfg = Release|Any CPU
		{0175A1C3-2F93-CAF8-90D0-1158241C017C}.Release|Any CPU.Build.0 = Release|Any CPU
		{5E2F7616-F310-B469-17AA-D44C58F24F85}.Debug|Any CPU.ActiveCfg = Debug|Any CPU
		{5E2F7616-F310-B469-17AA-D44C58F24F85}.Debug|Any CPU.Build.0 = Debug|Any CPU
		{5E2F7616-F310-B469-17AA-D44C58F24F85}.Release|Any CPU.ActiveCfg = Release|Any CPU
		{5E2F7616-F310-B469-17AA-D44C58F24F85}.Release|Any CPU.Build.0 = Release|Any CPU
		{7C3903CC-1DAD-872C-5B95-392E4AF55C85}.Debug|Any CPU.ActiveCfg = Debug|Any CPU
		{7C3903CC-1DAD-872C-5B95-392E4AF55C85}.Debug|Any CPU.Build.0 = Debug|Any CPU
		{7C3903CC-1DAD-872C-5B95-392E4AF55C85}.Release|Any CPU.ActiveCfg = Release|Any CPU
		{7C3903CC-1DAD-872C-5B95-392E4AF55C85}.Release|Any CPU.Build.0 = Release|Any CPU
	EndGlobalSection
	GlobalSection(SolutionProperties) = preSolution
		HideSolutionNode = FALSE
	EndGlobalSection
EndGlobal
