
Microsoft Visual Studio Solution File, Format Version 12.00
# Visual Studio 2015
Project("{FAE04EC0-301F-11D3-BF4B-00C04F79EFBC}") = "Arcade14.CSharp.Plugins", "Arcade14.CSharp.Plugins.csproj", "{52671DEC-FBBE-D056-5FA8-24A3D696266C}"
EndProject
Project("{FAE04EC0-301F-11D3-BF4B-00C04F79EFBC}") = "Arcade14.CSharp", "Arcade14.CSharp.csproj", "{0631C4C9-FF1F-84D0-1172-81D4FB35123A}"
EndProject
Project("{FAE04EC0-301F-11D3-BF4B-00C04F79EFBC}") = "Arcade14.CSharp.Editor", "Arcade14.CSharp.Editor.csproj", "{E0D2FE6D-A866-2EED-1083-DCA51E3A1309}"
EndProject
Global
	GlobalSection(SolutionConfigurationPlatforms) = preSolution
		Debug|Any CPU = Debug|Any CPU
		Release|Any CPU = Release|Any CPU
	EndGlobalSection
	GlobalSection(ProjectConfigurationPlatforms) = postSolution
		{52671DEC-FBBE-D056-5FA8-24A3D696266C}.Debug|Any CPU.ActiveCfg = Debug|Any CPU
		{52671DEC-FBBE-D056-5FA8-24A3D696266C}.Debug|Any CPU.Build.0 = Debug|Any CPU
		{52671DEC-FBBE-D056-5FA8-24A3D696266C}.Release|Any CPU.ActiveCfg = Release|Any CPU
		{52671DEC-FBBE-D056-5FA8-24A3D696266C}.Release|Any CPU.Build.0 = Release|Any CPU
		{0631C4C9-FF1F-84D0-1172-81D4FB35123A}.Debug|Any CPU.ActiveCfg = Debug|Any CPU
		{0631C4C9-FF1F-84D0-1172-81D4FB35123A}.Debug|Any CPU.Build.0 = Debug|Any CPU
		{0631C4C9-FF1F-84D0-1172-81D4FB35123A}.Release|Any CPU.ActiveCfg = Release|Any CPU
		{0631C4C9-FF1F-84D0-1172-81D4FB35123A}.Release|Any CPU.Build.0 = Release|Any CPU
		{E0D2FE6D-A866-2EED-1083-DCA51E3A1309}.Debug|Any CPU.ActiveCfg = Debug|Any CPU
		{E0D2FE6D-A866-2EED-1083-DCA51E3A1309}.Debug|Any CPU.Build.0 = Debug|Any CPU
		{E0D2FE6D-A866-2EED-1083-DCA51E3A1309}.Release|Any CPU.ActiveCfg = Release|Any CPU
		{E0D2FE6D-A866-2EED-1083-DCA51E3A1309}.Release|Any CPU.Build.0 = Release|Any CPU
	EndGlobalSection
	GlobalSection(SolutionProperties) = preSolution
		HideSolutionNode = FALSE
	EndGlobalSection
EndGlobal
