
Microsoft Visual Studio Solution File, Format Version 12.00
# Visual Studio 2015
Project("{FAE04EC0-301F-11D3-BF4B-00C04F79EFBC}") = "TextThirdPersonView10.CSharp.Plugins", "TextThirdPersonView10.CSharp.Plugins.csproj", "{B01FA7BD-FA79-2F7A-D8C6-B56C54A8DC27}"
EndProject
Project("{FAE04EC0-301F-11D3-BF4B-00C04F79EFBC}") = "TextThirdPersonView10.CSharp", "TextThirdPersonView10.CSharp.csproj", "{DE950A1D-29DF-482B-04E2-ED8A6B85F289}"
EndProject
Project("{FAE04EC0-301F-11D3-BF4B-00C04F79EFBC}") = "TextThirdPersonView10.CSharp.Editor", "TextThirdPersonView10.CSharp.Editor.csproj", "{7B58B8A9-0BDC-B999-5BE7-ADC95F9EC99A}"
EndProject
Global
	GlobalSection(SolutionConfigurationPlatforms) = preSolution
		Debug|Any CPU = Debug|Any CPU
		Release|Any CPU = Release|Any CPU
	EndGlobalSection
	GlobalSection(ProjectConfigurationPlatforms) = postSolution
		{B01FA7BD-FA79-2F7A-D8C6-B56C54A8DC27}.Debug|Any CPU.ActiveCfg = Debug|Any CPU
		{B01FA7BD-FA79-2F7A-D8C6-B56C54A8DC27}.Debug|Any CPU.Build.0 = Debug|Any CPU
		{B01FA7BD-FA79-2F7A-D8C6-B56C54A8DC27}.Release|Any CPU.ActiveCfg = Release|Any CPU
		{B01FA7BD-FA79-2F7A-D8C6-B56C54A8DC27}.Release|Any CPU.Build.0 = Release|Any CPU
		{DE950A1D-29DF-482B-04E2-ED8A6B85F289}.Debug|Any CPU.ActiveCfg = Debug|Any CPU
		{DE950A1D-29DF-482B-04E2-ED8A6B85F289}.Debug|Any CPU.Build.0 = Debug|Any CPU
		{DE950A1D-29DF-482B-04E2-ED8A6B85F289}.Release|Any CPU.ActiveCfg = Release|Any CPU
		{DE950A1D-29DF-482B-04E2-ED8A6B85F289}.Release|Any CPU.Build.0 = Release|Any CPU
		{7B58B8A9-0BDC-B999-5BE7-ADC95F9EC99A}.Debug|Any CPU.ActiveCfg = Debug|Any CPU
		{7B58B8A9-0BDC-B999-5BE7-ADC95F9EC99A}.Debug|Any CPU.Build.0 = Debug|Any CPU
		{7B58B8A9-0BDC-B999-5BE7-ADC95F9EC99A}.Release|Any CPU.ActiveCfg = Release|Any CPU
		{7B58B8A9-0BDC-B999-5BE7-ADC95F9EC99A}.Release|Any CPU.Build.0 = Release|Any CPU
	EndGlobalSection
	GlobalSection(SolutionProperties) = preSolution
		HideSolutionNode = FALSE
	EndGlobalSection
EndGlobal
